
Microsoft Visual Studio Solution File, Format Version 12.00
# Visual Studio Version 17
VisualStudioVersion = 17.13.35825.156
MinimumVisualStudioVersion = 10.0.40219.1
Project("{8BC9CEB8-8B4A-11D0-8D11-00A0C91BC942}") = "CompiladorLC", "CompiladorLC\CompiladorLC.vcxproj", "{F5598AFE-08CB-4F8F-923D-797296194887}"
EndProject
Project("{888888A0-9F3D-457C-B088-3A5042F75D52}") = "CompiladorLC-traduzido", "CompiladorLC-traduzido\CompiladorLC-traduzido.pyproj", "{EE4BA5AA-BF36-4448-979D-F0182B59EB2E}"
EndProject
Global
	GlobalSection(SolutionConfigurationPlatforms) = preSolution
		Debug|Any CPU = Debug|Any CPU
		Debug|x64 = Debug|x64
		Debug|x86 = Debug|x86
		Release|Any CPU = Release|Any CPU
		Release|x64 = Release|x64
		Release|x86 = Release|x86
	EndGlobalSection
	GlobalSection(ProjectConfigurationPlatforms) = postSolution
		{F5598AFE-08CB-4F8F-923D-797296194887}.Debug|Any CPU.ActiveCfg = Debug|x64
		{F5598AFE-08CB-4F8F-923D-797296194887}.Debug|Any CPU.Build.0 = Debug|x64
		{F5598AFE-08CB-4F8F-923D-797296194887}.Debug|x64.ActiveCfg = Debug|x64
		{F5598AFE-08CB-4F8F-923D-797296194887}.Debug|x64.Build.0 = Debug|x64
		{F5598AFE-08CB-4F8F-923D-797296194887}.Debug|x86.ActiveCfg = Debug|Win32
		{F5598AFE-08CB-4F8F-923D-797296194887}.Debug|x86.Build.0 = Debug|Win32
		{F5598AFE-08CB-4F8F-923D-797296194887}.Release|Any CPU.ActiveCfg = Release|x64
		{F5598AFE-08CB-4F8F-923D-797296194887}.Release|Any CPU.Build.0 = Release|x64
		{F5598AFE-08CB-4F8F-923D-797296194887}.Release|x64.ActiveCfg = Release|x64
		{F5598AFE-08CB-4F8F-923D-797296194887}.Release|x64.Build.0 = Release|x64
		{F5598AFE-08CB-4F8F-923D-797296194887}.Release|x86.ActiveCfg = Release|Win32
		{F5598AFE-08CB-4F8F-923D-797296194887}.Release|x86.Build.0 = Release|Win32
		{EE4BA5AA-BF36-4448-979D-F0182B59EB2E}.Debug|Any CPU.ActiveCfg = Debug|Any CPU
		{EE4BA5AA-BF36-4448-979D-F0182B59EB2E}.Debug|x64.ActiveCfg = Debug|Any CPU
		{EE4BA5AA-BF36-4448-979D-F0182B59EB2E}.Debug|x86.ActiveCfg = Debug|Any CPU
		{EE4BA5AA-BF36-4448-979D-F0182B59EB2E}.Release|Any CPU.ActiveCfg = Release|Any CPU
		{EE4BA5AA-BF36-4448-979D-F0182B59EB2E}.Release|x64.ActiveCfg = Release|Any CPU
		{EE4BA5AA-BF36-4448-979D-F0182B59EB2E}.Release|x86.ActiveCfg = Release|Any CPU
	EndGlobalSection
	GlobalSection(SolutionProperties) = preSolution
		HideSolutionNode = FALSE
	EndGlobalSection
	GlobalSection(ExtensibilityGlobals) = postSolution
		SolutionGuid = {1619C3BC-21C6-44B1-AA6E-739E38915037}
	EndGlobalSection
EndGlobal
